// !$*UTF8*$!
{
	archiveVersion = 1;
	classes = {
	};
	objectVersion = 46;
	objects = {

/* Begin PBXBuildFile section */
		27836C9516FC286F00372526 /* UIKit.framework in Frameworks */ = {isa = PBXBuildFile; fileRef = 27836C9416FC286F00372526 /* UIKit.framework */; };
		27836C9716FC286F00372526 /* Foundation.framework in Frameworks */ = {isa = PBXBuildFile; fileRef = 27836C9616FC286F00372526 /* Foundation.framework */; };
		27836C9916FC286F00372526 /* CoreGraphics.framework in Frameworks */ = {isa = PBXBuildFile; fileRef = 27836C9816FC286F00372526 /* CoreGraphics.framework */; };
		27836C9F16FC286F00372526 /* InfoPlist.strings in Resources */ = {isa = PBXBuildFile; fileRef = 27836C9D16FC286F00372526 /* InfoPlist.strings */; };
		27836CA116FC286F00372526 /* main.m in Sources */ = {isa = PBXBuildFile; fileRef = 27836CA016FC286F00372526 /* main.m */; };
		27836CA516FC286F00372526 /* AppDelegate.m in Sources */ = {isa = PBXBuildFile; fileRef = 27836CA416FC286F00372526 /* AppDelegate.m */; };
		27836CA716FC286F00372526 /* Default.png in Resources */ = {isa = PBXBuildFile; fileRef = 27836CA616FC286F00372526 /* Default.png */; };
		27836CA916FC286F00372526 /* Default@2x.png in Resources */ = {isa = PBXBuildFile; fileRef = 27836CA816FC286F00372526 /* Default@2x.png */; };
		27836CAB16FC286F00372526 /* Default-568h@2x.png in Resources */ = {isa = PBXBuildFile; fileRef = 27836CAA16FC286F00372526 /* Default-568h@2x.png */; };
		27836CAE16FC286F00372526 /* ViewController.m in Sources */ = {isa = PBXBuildFile; fileRef = 27836CAD16FC286F00372526 /* ViewController.m */; };
		27836CB116FC286F00372526 /* ViewController.xib in Resources */ = {isa = PBXBuildFile; fileRef = 27836CAF16FC286F00372526 /* ViewController.xib */; };
/* End PBXBuildFile section */

/* Begin PBXFileReference section */
		27836C9116FC286F00372526 /* CollectionViewDemo.app */ = {isa = PBXFileReference; explicitFileType = wrapper.application; includeInIndex = 0; path = CollectionViewDemo.app; sourceTree = BUILT_PRODUCTS_DIR; };
		27836C9416FC286F00372526 /* UIKit.framework */ = {isa = PBXFileReference; lastKnownFileType = wrapper.framework; name = UIKit.framework; path = System/Library/Frameworks/UIKit.framework; sourceTree = SDKROOT; };
		27836C9616FC286F00372526 /* Foundation.framework */ = {isa = PBXFileReference; lastKnownFileType = wrapper.framework; name = Foundation.framework; path = System/Library/Frameworks/Foundation.framework; sourceTree = SDKROOT; };
		27836C9816FC286F00372526 /* CoreGraphics.framework */ = {isa = PBXFileReference; lastKnownFileType = wrapper.framework; name = CoreGraphics.framework; path = System/Library/Frameworks/CoreGraphics.framework; sourceTree = SDKROOT; };
		27836C9C16FC286F00372526 /* CollectionViewDemo-Info.plist */ = {isa = PBXFileReference; lastKnownFileType = text.plist.xml; path = "CollectionViewDemo-Info.plist"; sourceTree = "<group>"; };
		27836C9E16FC286F00372526 /* en */ = {isa = PBXFileReference; lastKnownFileType = text.plist.strings; name = en; path = en.lproj/InfoPlist.strings; sourceTree = "<group>"; };
		27836CA016FC286F00372526 /* main.m */ = {isa = PBXFileReference; lastKnownFileType = sourcecode.c.objc; path = main.m; sourceTree = "<group>"; };
		27836CA216FC286F00372526 /* CollectionViewDemo-Prefix.pch */ = {isa = PBXFileReference; lastKnownFileType = sourcecode.c.h; path = "CollectionViewDemo-Prefix.pch"; sourceTree = "<group>"; };
		27836CA316FC286F00372526 /* AppDelegate.h */ = {isa = PBXFileReference; lastKnownFileType = sourcecode.c.h; path = AppDelegate.h; sourceTree = "<group>"; };
		27836CA416FC286F00372526 /* AppDelegate.m */ = {isa = PBXFileReference; lastKnownFileType = sourcecode.c.objc; path = AppDelegate.m; sourceTree = "<group>"; };
		27836CA616FC286F00372526 /* Default.png */ = {isa = PBXFileReference; lastKnownFileType = image.png; path = Default.png; sourceTree = "<group>"; };
		27836CA816FC286F00372526 /* Default@2x.png */ = {isa = PBXFileReference; lastKnownFileType = image.png; path = "Default@2x.png"; sourceTree = "<group>"; };
		27836CAA16FC286F00372526 /* Default-568h@2x.png */ = {isa = PBXFileReference; lastKnownFileType = image.png; path = "Default-568h@2x.png"; sourceTree = "<group>"; };
		27836CAC16FC286F00372526 /* ViewController.h */ = {isa = PBXFileReference; lastKnownFileType = sourcecode.c.h; path = ViewController.h; sourceTree = "<group>"; };
		27836CAD16FC286F00372526 /* ViewController.m */ = {isa = PBXFileReference; lastKnownFileType = sourcecode.c.objc; path = ViewController.m; sourceTree = "<group>"; };
		27836CB016FC286F00372526 /* en */ = {isa = PBXFileReference; lastKnownFileType = file.xib; name = en; path = en.lproj/ViewController.xib; sourceTree = "<group>"; };
/* End PBXFileReference section */

/* Begin PBXFrameworksBuildPhase section */
		27836C8E16FC286F00372526 /* Frameworks */ = {
			isa = PBXFrameworksBuildPhase;
			buildActionMask = 2147483647;
			files = (
				27836C9516FC286F00372526 /* UIKit.framework in Frameworks */,
				27836C9716FC286F00372526 /* Foundation.framework in Frameworks */,
				27836C9916FC286F00372526 /* CoreGraphics.framework in Frameworks */,
			);
			runOnlyForDeploymentPostprocessing = 0;
		};
/* End PBXFrameworksBuildPhase section */

/* Begin PBXGroup section */
		27836C8816FC286F00372526 = {
			isa = PBXGroup;
			children = (
				27836C9A16FC286F00372526 /* CollectionViewDemo */,
				27836C9316FC286F00372526 /* Frameworks */,
				27836C9216FC286F00372526 /* Products */,
			);
			sourceTree = "<group>";
		};
		27836C9216FC286F00372526 /* Products */ = {
			isa = PBXGroup;
			children = (
				27836C9116FC286F00372526 /* CollectionViewDemo.app */,
			);
			name = Products;
			sourceTree = "<group>";
		};
		27836C9316FC286F00372526 /* Frameworks */ = {
			isa = PBXGroup;
			children = (
				27836C9416FC286F00372526 /* UIKit.framework */,
				27836C9616FC286F00372526 /* Foundation.framework */,
				27836C9816FC286F00372526 /* CoreGraphics.framework */,
			);
			name = Frameworks;
			sourceTree = "<group>";
		};
		27836C9A16FC286F00372526 /* CollectionViewDemo */ = {
			isa = PBXGroup;
			children = (
				27836CA316FC286F00372526 /* AppDelegate.h */,
				27836CA416FC286F00372526 /* AppDelegate.m */,
				27836CAC16FC286F00372526 /* ViewController.h */,
				27836CAD16FC286F00372526 /* ViewController.m */,
				27836CAF16FC286F00372526 /* ViewController.xib */,
				27836C9B16FC286F00372526 /* Supporting Files */,
			);
			path = CollectionViewDemo;
			sourceTree = "<group>";
		};
		27836C9B16FC286F00372526 /* Supporting Files */ = {
			isa = PBXGroup;
			children = (
				27836C9C16FC286F00372526 /* CollectionViewDemo-Info.plist */,
				27836C9D16FC286F00372526 /* InfoPlist.strings */,
				27836CA016FC286F00372526 /* main.m */,
				27836CA216FC286F00372526 /* CollectionViewDemo-Prefix.pch */,
				27836CA616FC286F00372526 /* Default.png */,
				27836CA816FC286F00372526 /* Default@2x.png */,
				27836CAA16FC286F00372526 /* Default-568h@2x.png */,
			);
			name = "Supporting Files";
			sourceTree = "<group>";
		};
/* End PBXGroup section */

/* Begin PBXNativeTarget section */
		27836C9016FC286F00372526 /* CollectionViewDemo */ = {
			isa = PBXNativeTarget;
			buildConfigurationList = 27836CB416FC286F00372526 /* Build configuration list for PBXNativeTarget "CollectionViewDemo" */;
			buildPhases = (
				27836C8D16FC286F00372526 /* Sources */,
				27836C8E16FC286F00372526 /* Frameworks */,
				27836C8F16FC286F00372526 /* Resources */,
			);
			buildRules = (
			);
			dependencies = (
			);
			name = CollectionViewDemo;
			productName = CollectionViewDemo;
			productReference = 27836C9116FC286F00372526 /* CollectionViewDemo.app */;
			productType = "com.apple.product-type.application";
		};
/* End PBXNativeTarget section */

/* Begin PBXProject section */
		27836C8916FC286F00372526 /* Project object */ = {
			isa = PBXProject;
			attributes = {
				LastUpgradeCheck = 0460;
				ORGANIZATIONNAME = "wu liang";
			};
			buildConfigurationList = 27836C8C16FC286F00372526 /* Build configuration list for PBXProject "CollectionViewDemo" */;
			compatibilityVersion = "Xcode 3.2";
			developmentRegion = English;
			hasScannedForEncodings = 0;
			knownRegions = (
				en,
			);
			mainGroup = 27836C8816FC286F00372526;
			productRefGroup = 27836C9216FC286F00372526 /* Products */;
			projectDirPath = "";
			projectRoot = "";
			targets = (
				27836C9016FC286F00372526 /* CollectionViewDemo */,
			);
		};
/* End PBXProject section */

/* Begin PBXResourcesBuildPhase section */
		27836C8F16FC286F00372526 /* Resources */ = {
			isa = PBXResourcesBuildPhase;
			buildActionMask = 2147483647;
			files = (
				27836C9F16FC286F00372526 /* InfoPlist.strings in Resources */,
				27836CA716FC286F00372526 /* Default.png in Resources */,
				27836CA916FC286F00372526 /* Default@2x.png in Resources */,
				27836CAB16FC286F00372526 /* Default-568h@2x.png in Resources */,
				27836CB116FC286F00372526 /* ViewController.xib in Resources */,
			);
			runOnlyForDeploymentPostprocessing = 0;
		};
/* End PBXResourcesBuildPhase section */

/* Begin PBXSourcesBuildPhase section */
		27836C8D16FC286F00372526 /* Sources */ = {
			isa = PBXSourcesBuildPhase;
			buildActionMask = 2147483647;
			files = (
				27836CA116FC286F00372526 /* main.m in Sources */,
				27836CA516FC286F00372526 /* AppDelegate.m in Sources */,
				27836CAE16FC286F00372526 /* ViewController.m in Sources */,
			);
			runOnlyForDeploymentPostprocessing = 0;
		};
/* End PBXSourcesBuildPhase section */

/* Begin PBXVariantGroup section */
		27836C9D16FC286F00372526 /* InfoPlist.strings */ = {
			isa = PBXVariantGroup;
			children = (
				27836C9E16FC286F00372526 /* en */,
			);
			name = InfoPlist.strings;
			sourceTree = "<group>";
		};
		27836CAF16FC286F00372526 /* ViewController.xib */ = {
			isa = PBXVariantGroup;
			children = (
				27836CB016FC286F00372526 /* en */,
			);
			name = ViewController.xib;
			sourceTree = "<group>";
		};
/* End PBXVariantGroup section */

/* Begin XCBuildConfiguration section */
		27836CB216FC286F00372526 /* Debug */ = {
			isa = XCBuildConfiguration;
			buildSettings = {
				ALWAYS_SEARCH_USER_PATHS = NO;
				CLANG_CXX_LANGUAGE_STANDARD = "gnu++0x";
				CLANG_CXX_LIBRARY = "libc++";
				CLANG_WARN_CONSTANT_CONVERSION = YES;
				CLANG_WARN_EMPTY_BODY = YES;
				CLANG_WARN_ENUM_CONVERSION = YES;
				CLANG_WARN_INT_CONVERSION = YES;
				CLANG_WARN__DUPLICATE_METHOD_MATCH = YES;
				"CODE_SIGN_IDENTITY[sdk=iphoneos*]" = "iPhone Developer";
				COPY_PHASE_STRIP = NO;
				GCC_C_LANGUAGE_STANDARD = gnu99;
				GCC_DYNAMIC_NO_PIC = NO;
				GCC_OPTIMIZATION_LEVEL = 0;
				GCC_PREPROCESSOR_DEFINITIONS = (
					"DEBUG=1",
					"$(inherited)",
				);
				GCC_SYMBOLS_PRIVATE_EXTERN = NO;
				GCC_WARN_ABOUT_RETURN_TYPE = YES;
				GCC_WARN_UNINITIALIZED_AUTOS = YES;
				GCC_WARN_UNUSED_VARIABLE = YES;
				IPHONEOS_DEPLOYMENT_TARGET = 6.1;
				ONLY_ACTIVE_ARCH = YES;
				SDKROOT = iphoneos;
			};
			name = Debug;
		};
		27836CB316FC286F00372526 /* Release */ = {
			isa = XCBuildConfiguration;
			buildSettings = {
				ALWAYS_SEARCH_USER_PATHS = NO;
				CLANG_CXX_LANGUAGE_STANDARD = "gnu++0x";
				CLANG_CXX_LIBRARY = "libc++";
				CLANG_WARN_CONSTANT_CONVERSION = YES;
				CLANG_WARN_EMPTY_BODY = YES;
				CLANG_WARN_ENUM_CONVERSION = YES;
				CLANG_WARN_INT_CONVERSION = YES;
				CLANG_WARN__DUPLICATE_METHOD_MATCH = YES;
				"CODE_SIGN_IDENTITY[sdk=iphoneos*]" = "iPhone Developer";
				COPY_PHASE_STRIP = YES;
				GCC_C_LANGUAGE_STANDARD = gnu99;
				GCC_WARN_ABOUT_RETURN_TYPE = YES;
				GCC_WARN_UNINITIALIZED_AUTOS = YES;
				GCC_WARN_UNUSED_VARIABLE = YES;
				IPHONEOS_DEPLOYMENT_TARGET = 6.1;
				OTHER_CFLAGS = "-DNS_BLOCK_ASSERTIONS=1";
				SDKROOT = iphoneos;
				VALIDATE_PRODUCT = YES;
			};
			name = Release;
		};
		27836CB516FC286F00372526 /* Debug */ = {
			isa = XCBuildConfiguration;
			buildSettings = {
				GCC_PRECOMPILE_PREFIX_HEADER = YES;
				GCC_PREFIX_HEADER = "CollectionViewDemo/CollectionViewDemo-Prefix.pch";
				INFOPLIST_FILE = "CollectionViewDemo/CollectionViewDemo-Info.plist";
				PRODUCT_NAME = "$(TARGET_NAME)";
				WRAPPER_EXTENSION = app;
			};
			name = Debug;
		};
		27836CB616FC286F00372526 /* Release */ = {
			isa = XCBuildConfiguration;
			buildSettings = {
				GCC_PRECOMPILE_PREFIX_HEADER = YES;
				GCC_PREFIX_HEADER = "CollectionViewDemo/CollectionViewDemo-Prefix.pch";
				INFOPLIST_FILE = "CollectionViewDemo/CollectionViewDemo-Info.plist";
				PRODUCT_NAME = "$(TARGET_NAME)";
				WRAPPER_EXTENSION = app;
			};
			name = Release;
		};
/* End XCBuildConfiguration section */

/* Begin XCConfigurationList section */
		27836C8C16FC286F00372526 /* Build configuration list for PBXProject "CollectionViewDemo" */ = {
			isa = XCConfigurationList;
			buildConfigurations = (
				27836CB216FC286F00372526 /* Debug */,
				27836CB316FC286F00372526 /* Release */,
			);
			defaultConfigurationIsVisible = 0;
			defaultConfigurationName = Release;
		};
		27836CB416FC286F00372526 /* Build configuration list for PBXNativeTarget "CollectionViewDemo" */ = {
			isa = XCConfigurationList;
			buildConfigurations = (
				27836CB516FC286F00372526 /* Debug */,
				27836CB616FC286F00372526 /* Release */,
			);
			defaultConfigurationIsVisible = 0;
		};
/* End XCConfigurationList section */
	};
	rootObject = 27836C8916FC286F00372526 /* Project object */;
}
